
Microsoft Visual Studio Solution File, Format Version 12.00
# Visual Studio Version 17
VisualStudioVersion = 17.14.36221.1 d17.14
MinimumVisualStudioVersion = 10.0.40219.1
Project("{FAE04EC0-301F-11D3-BF4B-00C04F79EFBC}") = "OpennessTIA", "OpennessTIA\OpennessTIA.csproj", "{3761A637-F982-4F96-93F5-7FD134EDE10A}"
EndProject
Global
	GlobalSection(SolutionConfigurationPlatforms) = preSolution
		Debug|Any CPU = Debug|Any CPU
		Release|Any CPU = Release|Any CPU
	EndGlobalSection
	GlobalSection(ProjectConfigurationPlatforms) = postSolution
		{3761A637-F982-4F96-93F5-7FD134EDE10A}.Debug|Any CPU.ActiveCfg = Debug|Any CPU
		{3761A637-F982-4F96-93F5-7FD134EDE10A}.Debug|Any CPU.Build.0 = Debug|Any CPU
		{3761A637-F982-4F96-93F5-7FD134EDE10A}.Release|Any CPU.ActiveCfg = Release|Any CPU
		{3761A637-F982-4F96-93F5-7FD134EDE10A}.Release|Any CPU.Build.0 = Release|Any CPU
	EndGlobalSection
	GlobalSection(SolutionProperties) = preSolution
		HideSolutionNode = FALSE
	EndGlobalSection
	GlobalSection(ExtensibilityGlobals) = postSolution
		SolutionGuid = {BE6AFC17-95F7-4BF8-AE11-B6430381425C}
	EndGlobalSection
EndGlobal
