
Microsoft Visual Studio Solution File, Format Version 12.00
# Visual Studio Version 17
VisualStudioVersion = 17.14.36221.1 d17.14
MinimumVisualStudioVersion = 10.0.40219.1
Project("{FAE04EC0-301F-11D3-BF4B-00C04F79EFBC}") = "TIAgenerator", "TIAgenerator\TIAgenerator.csproj", "{4C2E876B-E893-4969-AD04-762A6B0BD86C}"
EndProject
Global
	GlobalSection(SolutionConfigurationPlatforms) = preSolution
		Debug|Any CPU = Debug|Any CPU
		Release|Any CPU = Release|Any CPU
	EndGlobalSection
	GlobalSection(ProjectConfigurationPlatforms) = postSolution
		{4C2E876B-E893-4969-AD04-762A6B0BD86C}.Debug|Any CPU.ActiveCfg = Debug|Any CPU
		{4C2E876B-E893-4969-AD04-762A6B0BD86C}.Debug|Any CPU.Build.0 = Debug|Any CPU
		{4C2E876B-E893-4969-AD04-762A6B0BD86C}.Release|Any CPU.ActiveCfg = Release|Any CPU
		{4C2E876B-E893-4969-AD04-762A6B0BD86C}.Release|Any CPU.Build.0 = Release|Any CPU
	EndGlobalSection
	GlobalSection(SolutionProperties) = preSolution
		HideSolutionNode = FALSE
	EndGlobalSection
	GlobalSection(ExtensibilityGlobals) = postSolution
		SolutionGuid = {AEC4696F-3EC8-465E-AFC1-2FA25818E4FA}
	EndGlobalSection
EndGlobal
